{
  "name": "6-unlimitedcolors",
  "version": "1.0.0",
  "lockfileVersion": 3,
  "requires": true,
  "packages": {
    "": {
      "name": "6-unlimitedcolors",
      "version": "1.0.0",
      "license": "ISC",
      "dependencies": {
        "ntcjs": "^1.1.3"
      }
    },
    "node_modules/ntcjs": {
      "version": "1.1.3",
      "resolved": "https://registry.npmjs.org/ntcjs/-/ntcjs-1.1.3.tgz",
      "integrity": "sha512-K5M01QKyg0VlCn2iSWWolGnViiyUqZylzayASvYBaJMkmdegNJhDtzqHlJwEHj5TpLpdvWXYDvZLJqfv7I2TQw==",
      "license": "MIT"
    }
  }
}
